
Microsoft Visual Studio Solution File, Format Version 12.00
# Visual Studio Version 16
VisualStudioVersion = 16.0.30114.105
MinimumVisualStudioVersion = 10.0.40219.1
Project("{FAE04EC0-301F-11D3-BF4B-00C04F79EFBC}") = "Me.Xfox.Tape.Api", "Me.Xfox.Tape.Api\Me.Xfox.Tape.Api.csproj", "{7C43AA29-64EA-4C05-95BF-32F8FCA9BB0C}"
EndProject
Project("{FAE04EC0-301F-11D3-BF4B-00C04F79EFBC}") = "Me.Xfox.Tape.Desktop", "Me.Xfox.Tape.Desktop\Me.Xfox.Tape.Desktop.csproj", "{B3241086-AF6A-49D4-9B6E-CC8FC38CB1FB}"
EndProject
Global
	GlobalSection(SolutionConfigurationPlatforms) = preSolution
		Debug|Any CPU = Debug|Any CPU
		Release|Any CPU = Release|Any CPU
	EndGlobalSection
	GlobalSection(SolutionProperties) = preSolution
		HideSolutionNode = FALSE
	EndGlobalSection
	GlobalSection(ProjectConfigurationPlatforms) = postSolution
		{7C43AA29-64EA-4C05-95BF-32F8FCA9BB0C}.Debug|Any CPU.ActiveCfg = Debug|Any CPU
		{7C43AA29-64EA-4C05-95BF-32F8FCA9BB0C}.Debug|Any CPU.Build.0 = Debug|Any CPU
		{7C43AA29-64EA-4C05-95BF-32F8FCA9BB0C}.Release|Any CPU.ActiveCfg = Release|Any CPU
		{7C43AA29-64EA-4C05-95BF-32F8FCA9BB0C}.Release|Any CPU.Build.0 = Release|Any CPU
		{B3241086-AF6A-49D4-9B6E-CC8FC38CB1FB}.Debug|Any CPU.ActiveCfg = Debug|Any CPU
		{B3241086-AF6A-49D4-9B6E-CC8FC38CB1FB}.Debug|Any CPU.Build.0 = Debug|Any CPU
		{B3241086-AF6A-49D4-9B6E-CC8FC38CB1FB}.Release|Any CPU.ActiveCfg = Release|Any CPU
		{B3241086-AF6A-49D4-9B6E-CC8FC38CB1FB}.Release|Any CPU.Build.0 = Release|Any CPU
	EndGlobalSection
EndGlobal
